
Microsoft Visual Studio Solution File, Format Version 12.00
# Visual Studio Version 17
VisualStudioVersion = 17.0.31919.166
MinimumVisualStudioVersion = 10.0.40219.1
Project("{9A19103F-16F7-4668-BE54-9A1E7A4F7556}") = "Data Layer", "Data Layer\Data Layer.csproj", "{18EA52B7-55D1-425B-9265-A6C1A4BE6D9C}"
EndProject
Project("{9A19103F-16F7-4668-BE54-9A1E7A4F7556}") = "API", "API\API.csproj", "{CE7EFE0C-4D1E-45A8-A931-F4463A030AC0}"
EndProject
Global
	GlobalSection(SolutionConfigurationPlatforms) = preSolution
		Debug|Any CPU = Debug|Any CPU
		Release|Any CPU = Release|Any CPU
	EndGlobalSection
	GlobalSection(ProjectConfigurationPlatforms) = postSolution
		{18EA52B7-55D1-425B-9265-A6C1A4BE6D9C}.Debug|Any CPU.ActiveCfg = Debug|Any CPU
		{18EA52B7-55D1-425B-9265-A6C1A4BE6D9C}.Debug|Any CPU.Build.0 = Debug|Any CPU
		{18EA52B7-55D1-425B-9265-A6C1A4BE6D9C}.Release|Any CPU.ActiveCfg = Release|Any CPU
		{18EA52B7-55D1-425B-9265-A6C1A4BE6D9C}.Release|Any CPU.Build.0 = Release|Any CPU
		{CE7EFE0C-4D1E-45A8-A931-F4463A030AC0}.Debug|Any CPU.ActiveCfg = Debug|Any CPU
		{CE7EFE0C-4D1E-45A8-A931-F4463A030AC0}.Debug|Any CPU.Build.0 = Debug|Any CPU
		{CE7EFE0C-4D1E-45A8-A931-F4463A030AC0}.Release|Any CPU.ActiveCfg = Release|Any CPU
		{CE7EFE0C-4D1E-45A8-A931-F4463A030AC0}.Release|Any CPU.Build.0 = Release|Any CPU
	EndGlobalSection
	GlobalSection(SolutionProperties) = preSolution
		HideSolutionNode = FALSE
	EndGlobalSection
	GlobalSection(ExtensibilityGlobals) = postSolution
		SolutionGuid = {04F7FA4F-C7A8-47ED-8EB6-DE8523688556}
	EndGlobalSection
EndGlobal
